
Microsoft Visual Studio Solution File, Format Version 12.00
# Visual Studio 15
VisualStudioVersion = 15.0.28010.2003
MinimumVisualStudioVersion = 10.0.40219.1
Project("{FAE04EC0-301F-11D3-BF4B-00C04F79EFBC}") = "JobMatch.Api", "JobMatch.Api\JobMatch.Api.csproj", "{B4FC03D6-A5DA-4768-AED1-40BBB638BF52}"
EndProject
Project("{FAE04EC0-301F-11D3-BF4B-00C04F79EFBC}") = "JobMatch.Models", "JobMatch.Models\JobMatch.Models.csproj", "{40915C87-B972-4B0A-A7F7-5D158336ABFB}"
EndProject
Project("{FAE04EC0-301F-11D3-BF4B-00C04F79EFBC}") = "JobMatch.BusinessServices", "JobMatch.BusinessServices\JobMatch.BusinessServices.csproj", "{A7E82B17-F9AC-4C0C-A5E0-8EA317E9AA8B}"
EndProject
Project("{FAE04EC0-301F-11D3-BF4B-00C04F79EFBC}") = "JobMatch.UnitTests", "JobMatch.UnitTests\JobMatch.UnitTests.csproj", "{C7F39594-916E-47FA-BEF7-5877FC667A34}"
EndProject
Global
	GlobalSection(SolutionConfigurationPlatforms) = preSolution
		Debug|Any CPU = Debug|Any CPU
		Release|Any CPU = Release|Any CPU
	EndGlobalSection
	GlobalSection(ProjectConfigurationPlatforms) = postSolution
		{B4FC03D6-A5DA-4768-AED1-40BBB638BF52}.Debug|Any CPU.ActiveCfg = Debug|Any CPU
		{B4FC03D6-A5DA-4768-AED1-40BBB638BF52}.Debug|Any CPU.Build.0 = Debug|Any CPU
		{B4FC03D6-A5DA-4768-AED1-40BBB638BF52}.Release|Any CPU.ActiveCfg = Release|Any CPU
		{B4FC03D6-A5DA-4768-AED1-40BBB638BF52}.Release|Any CPU.Build.0 = Release|Any CPU
		{40915C87-B972-4B0A-A7F7-5D158336ABFB}.Debug|Any CPU.ActiveCfg = Debug|Any CPU
		{40915C87-B972-4B0A-A7F7-5D158336ABFB}.Debug|Any CPU.Build.0 = Debug|Any CPU
		{40915C87-B972-4B0A-A7F7-5D158336ABFB}.Release|Any CPU.ActiveCfg = Release|Any CPU
		{40915C87-B972-4B0A-A7F7-5D158336ABFB}.Release|Any CPU.Build.0 = Release|Any CPU
		{A7E82B17-F9AC-4C0C-A5E0-8EA317E9AA8B}.Debug|Any CPU.ActiveCfg = Debug|Any CPU
		{A7E82B17-F9AC-4C0C-A5E0-8EA317E9AA8B}.Debug|Any CPU.Build.0 = Debug|Any CPU
		{A7E82B17-F9AC-4C0C-A5E0-8EA317E9AA8B}.Release|Any CPU.ActiveCfg = Release|Any CPU
		{A7E82B17-F9AC-4C0C-A5E0-8EA317E9AA8B}.Release|Any CPU.Build.0 = Release|Any CPU
		{C7F39594-916E-47FA-BEF7-5877FC667A34}.Debug|Any CPU.ActiveCfg = Debug|Any CPU
		{C7F39594-916E-47FA-BEF7-5877FC667A34}.Debug|Any CPU.Build.0 = Debug|Any CPU
		{C7F39594-916E-47FA-BEF7-5877FC667A34}.Release|Any CPU.ActiveCfg = Release|Any CPU
		{C7F39594-916E-47FA-BEF7-5877FC667A34}.Release|Any CPU.Build.0 = Release|Any CPU
	EndGlobalSection
	GlobalSection(SolutionProperties) = preSolution
		HideSolutionNode = FALSE
	EndGlobalSection
	GlobalSection(ExtensibilityGlobals) = postSolution
		SolutionGuid = {ACE12913-F6EB-4C39-956F-7B6AB315F910}
	EndGlobalSection
EndGlobal
